// !$*UTF8*$!
{
	archiveVersion = 1;
	classes = {
	};
	objectVersion = 50;
	objects = {

/* Begin PBXBuildFile section */
		8292D15D264EBC360000A310 /* XCTestCase+MemoryLeakTracking.swift in Sources */ = {isa = PBXBuildFile; fileRef = 8292D15C264EBC360000A310 /* XCTestCase+MemoryLeakTracking.swift */; };
		829822E126493517003DFF86 /* BreweryCore.framework in Frameworks */ = {isa = PBXBuildFile; fileRef = 829822D726493516003DFF86 /* BreweryCore.framework */; };
		829822F226493594003DFF86 /* Brewery.swift in Sources */ = {isa = PBXBuildFile; fileRef = 829822F126493594003DFF86 /* Brewery.swift */; };
		829822F4264935C6003DFF86 /* BreweryLoader.swift in Sources */ = {isa = PBXBuildFile; fileRef = 829822F3264935C6003DFF86 /* BreweryLoader.swift */; };
		829822F826493659003DFF86 /* BreweryRemoteLoaderTests.swift in Sources */ = {isa = PBXBuildFile; fileRef = 829822F726493659003DFF86 /* BreweryRemoteLoaderTests.swift */; };
		82A26298264E78EE008ED27A /* URLSessionHTTPClientTests.swift in Sources */ = {isa = PBXBuildFile; fileRef = 82A26297264E78EE008ED27A /* URLSessionHTTPClientTests.swift */; };
		9E4C7B592649861100271553 /* HTTPClient.swift in Sources */ = {isa = PBXBuildFile; fileRef = 9E4C7B582649861100271553 /* HTTPClient.swift */; };
		9E4C7B5D2649864E00271553 /* BreweryRemoteLoader.swift in Sources */ = {isa = PBXBuildFile; fileRef = 9E4C7B5C2649864E00271553 /* BreweryRemoteLoader.swift */; };
		9E4C7B63264EACBC00271553 /* URLSessionHTTPClient.swift in Sources */ = {isa = PBXBuildFile; fileRef = 9E4C7B62264EACBC00271553 /* URLSessionHTTPClient.swift */; };
/* End PBXBuildFile section */

/* Begin PBXContainerItemProxy section */
		829822E226493517003DFF86 /* PBXContainerItemProxy */ = {
			isa = PBXContainerItemProxy;
			containerPortal = 829822CE26493516003DFF86 /* Project object */;
			proxyType = 1;
			remoteGlobalIDString = 829822D626493516003DFF86;
			remoteInfo = BreweryCore;
		};
/* End PBXContainerItemProxy section */

/* Begin PBXFileReference section */
		8292D15C264EBC360000A310 /* XCTestCase+MemoryLeakTracking.swift */ = {isa = PBXFileReference; lastKnownFileType = sourcecode.swift; path = "XCTestCase+MemoryLeakTracking.swift"; sourceTree = "<group>"; };
		829822D726493516003DFF86 /* BreweryCore.framework */ = {isa = PBXFileReference; explicitFileType = wrapper.framework; includeInIndex = 0; path = BreweryCore.framework; sourceTree = BUILT_PRODUCTS_DIR; };
		829822DB26493516003DFF86 /* Info.plist */ = {isa = PBXFileReference; lastKnownFileType = text.plist.xml; path = Info.plist; sourceTree = "<group>"; };
		829822E026493517003DFF86 /* BreweryCoreTests.xctest */ = {isa = PBXFileReference; explicitFileType = wrapper.cfbundle; includeInIndex = 0; path = BreweryCoreTests.xctest; sourceTree = BUILT_PRODUCTS_DIR; };
		829822E726493517003DFF86 /* Info.plist */ = {isa = PBXFileReference; lastKnownFileType = text.plist.xml; path = Info.plist; sourceTree = "<group>"; };
		829822F126493594003DFF86 /* Brewery.swift */ = {isa = PBXFileReference; lastKnownFileType = sourcecode.swift; path = Brewery.swift; sourceTree = "<group>"; };
		829822F3264935C6003DFF86 /* BreweryLoader.swift */ = {isa = PBXFileReference; lastKnownFileType = sourcecode.swift; path = BreweryLoader.swift; sourceTree = "<group>"; };
		829822F726493659003DFF86 /* BreweryRemoteLoaderTests.swift */ = {isa = PBXFileReference; lastKnownFileType = sourcecode.swift; path = BreweryRemoteLoaderTests.swift; sourceTree = "<group>"; };
		82A26297264E78EE008ED27A /* URLSessionHTTPClientTests.swift */ = {isa = PBXFileReference; lastKnownFileType = sourcecode.swift; path = URLSessionHTTPClientTests.swift; sourceTree = "<group>"; };
		9E4C7B582649861100271553 /* HTTPClient.swift */ = {isa = PBXFileReference; lastKnownFileType = sourcecode.swift; path = HTTPClient.swift; sourceTree = "<group>"; };
		9E4C7B5C2649864E00271553 /* BreweryRemoteLoader.swift */ = {isa = PBXFileReference; lastKnownFileType = sourcecode.swift; path = BreweryRemoteLoader.swift; sourceTree = "<group>"; };
		9E4C7B62264EACBC00271553 /* URLSessionHTTPClient.swift */ = {isa = PBXFileReference; lastKnownFileType = sourcecode.swift; path = URLSessionHTTPClient.swift; sourceTree = "<group>"; };
/* End PBXFileReference section */

/* Begin PBXFrameworksBuildPhase section */
		829822D426493516003DFF86 /* Frameworks */ = {
			isa = PBXFrameworksBuildPhase;
			buildActionMask = 2147483647;
			files = (
			);
			runOnlyForDeploymentPostprocessing = 0;
		};
		829822DD26493517003DFF86 /* Frameworks */ = {
			isa = PBXFrameworksBuildPhase;
			buildActionMask = 2147483647;
			files = (
				829822E126493517003DFF86 /* BreweryCore.framework in Frameworks */,
			);
			runOnlyForDeploymentPostprocessing = 0;
		};
/* End PBXFrameworksBuildPhase section */

/* Begin PBXGroup section */
		8292D15B264EBC1F0000A310 /* Helpers */ = {
			isa = PBXGroup;
			children = (
				8292D15C264EBC360000A310 /* XCTestCase+MemoryLeakTracking.swift */,
			);
			path = Helpers;
			sourceTree = "<group>";
		};
		829822CD26493516003DFF86 = {
			isa = PBXGroup;
			children = (
				829822D926493516003DFF86 /* BreweryCore */,
				829822E426493517003DFF86 /* BreweryCoreTests */,
				829822D826493516003DFF86 /* Products */,
			);
			sourceTree = "<group>";
		};
		829822D826493516003DFF86 /* Products */ = {
			isa = PBXGroup;
			children = (
				829822D726493516003DFF86 /* BreweryCore.framework */,
				829822E026493517003DFF86 /* BreweryCoreTests.xctest */,
			);
			name = Products;
			sourceTree = "<group>";
		};
		829822D926493516003DFF86 /* BreweryCore */ = {
			isa = PBXGroup;
			children = (
				829822F52649362C003DFF86 /* API */,
				829822DB26493516003DFF86 /* Info.plist */,
				829822F126493594003DFF86 /* Brewery.swift */,
				829822F3264935C6003DFF86 /* BreweryLoader.swift */,
			);
			path = BreweryCore;
			sourceTree = "<group>";
		};
		829822E426493517003DFF86 /* BreweryCoreTests */ = {
			isa = PBXGroup;
			children = (
				829822F626493631003DFF86 /* API */,
				829822E726493517003DFF86 /* Info.plist */,
			);
			path = BreweryCoreTests;
			sourceTree = "<group>";
		};
		829822F52649362C003DFF86 /* API */ = {
			isa = PBXGroup;
			children = (
				9E4C7B582649861100271553 /* HTTPClient.swift */,
				9E4C7B5C2649864E00271553 /* BreweryRemoteLoader.swift */,
				9E4C7B62264EACBC00271553 /* URLSessionHTTPClient.swift */,
			);
			path = API;
			sourceTree = "<group>";
		};
		829822F626493631003DFF86 /* API */ = {
			isa = PBXGroup;
			children = (
				8292D15B264EBC1F0000A310 /* Helpers */,
				829822F726493659003DFF86 /* BreweryRemoteLoaderTests.swift */,
				82A26297264E78EE008ED27A /* URLSessionHTTPClientTests.swift */,
			);
			path = API;
			sourceTree = "<group>";
		};
/* End PBXGroup section */

/* Begin PBXHeadersBuildPhase section */
		829822D226493516003DFF86 /* Headers */ = {
			isa = PBXHeadersBuildPhase;
			buildActionMask = 2147483647;
			files = (
			);
			runOnlyForDeploymentPostprocessing = 0;
		};
/* End PBXHeadersBuildPhase section */

/* Begin PBXNativeTarget section */
		829822D626493516003DFF86 /* BreweryCore */ = {
			isa = PBXNativeTarget;
			buildConfigurationList = 829822EB26493517003DFF86 /* Build configuration list for PBXNativeTarget "BreweryCore" */;
			buildPhases = (
				829822D226493516003DFF86 /* Headers */,
				829822D326493516003DFF86 /* Sources */,
				829822D426493516003DFF86 /* Frameworks */,
				829822D526493516003DFF86 /* Resources */,
			);
			buildRules = (
			);
			dependencies = (
			);
			name = BreweryCore;
			productName = BreweryCore;
			productReference = 829822D726493516003DFF86 /* BreweryCore.framework */;
			productType = "com.apple.product-type.framework";
		};
		829822DF26493517003DFF86 /* BreweryCoreTests */ = {
			isa = PBXNativeTarget;
			buildConfigurationList = 829822EE26493517003DFF86 /* Build configuration list for PBXNativeTarget "BreweryCoreTests" */;
			buildPhases = (
				829822DC26493517003DFF86 /* Sources */,
				829822DD26493517003DFF86 /* Frameworks */,
				829822DE26493517003DFF86 /* Resources */,
			);
			buildRules = (
			);
			dependencies = (
				829822E326493517003DFF86 /* PBXTargetDependency */,
			);
			name = BreweryCoreTests;
			productName = BreweryCoreTests;
			productReference = 829822E026493517003DFF86 /* BreweryCoreTests.xctest */;
			productType = "com.apple.product-type.bundle.unit-test";
		};
/* End PBXNativeTarget section */

/* Begin PBXProject section */
		829822CE26493516003DFF86 /* Project object */ = {
			isa = PBXProject;
			attributes = {
				LastSwiftUpdateCheck = 1250;
				LastUpgradeCheck = 1250;
				TargetAttributes = {
					829822D626493516003DFF86 = {
						CreatedOnToolsVersion = 12.5;
						LastSwiftMigration = 1250;
					};
					829822DF26493517003DFF86 = {
						CreatedOnToolsVersion = 12.5;
						LastSwiftMigration = 1250;
					};
				};
			};
			buildConfigurationList = 829822D126493516003DFF86 /* Build configuration list for PBXProject "BreweryCore" */;
			compatibilityVersion = "Xcode 9.3";
			developmentRegion = en;
			hasScannedForEncodings = 0;
			knownRegions = (
				en,
				Base,
			);
			mainGroup = 829822CD26493516003DFF86;
			productRefGroup = 829822D826493516003DFF86 /* Products */;
			projectDirPath = "";
			projectRoot = "";
			targets = (
				829822D626493516003DFF86 /* BreweryCore */,
				829822DF26493517003DFF86 /* BreweryCoreTests */,
			);
		};
/* End PBXProject section */

/* Begin PBXResourcesBuildPhase section */
		829822D526493516003DFF86 /* Resources */ = {
			isa = PBXResourcesBuildPhase;
			buildActionMask = 2147483647;
			files = (
			);
			runOnlyForDeploymentPostprocessing = 0;
		};
		829822DE26493517003DFF86 /* Resources */ = {
			isa = PBXResourcesBuildPhase;
			buildActionMask = 2147483647;
			files = (
			);
			runOnlyForDeploymentPostprocessing = 0;
		};
/* End PBXResourcesBuildPhase section */

/* Begin PBXSourcesBuildPhase section */
		829822D326493516003DFF86 /* Sources */ = {
			isa = PBXSourcesBuildPhase;
			buildActionMask = 2147483647;
			files = (
				829822F226493594003DFF86 /* Brewery.swift in Sources */,
				9E4C7B63264EACBC00271553 /* URLSessionHTTPClient.swift in Sources */,
				829822F4264935C6003DFF86 /* BreweryLoader.swift in Sources */,
				9E4C7B592649861100271553 /* HTTPClient.swift in Sources */,
				9E4C7B5D2649864E00271553 /* BreweryRemoteLoader.swift in Sources */,
			);
			runOnlyForDeploymentPostprocessing = 0;
		};
		829822DC26493517003DFF86 /* Sources */ = {
			isa = PBXSourcesBuildPhase;
			buildActionMask = 2147483647;
			files = (
				829822F826493659003DFF86 /* BreweryRemoteLoaderTests.swift in Sources */,
				82A26298264E78EE008ED27A /* URLSessionHTTPClientTests.swift in Sources */,
				8292D15D264EBC360000A310 /* XCTestCase+MemoryLeakTracking.swift in Sources */,
			);
			runOnlyForDeploymentPostprocessing = 0;
		};
/* End PBXSourcesBuildPhase section */

/* Begin PBXTargetDependency section */
		829822E326493517003DFF86 /* PBXTargetDependency */ = {
			isa = PBXTargetDependency;
			target = 829822D626493516003DFF86 /* BreweryCore */;
			targetProxy = 829822E226493517003DFF86 /* PBXContainerItemProxy */;
		};
/* End PBXTargetDependency section */

/* Begin XCBuildConfiguration section */
		829822E926493517003DFF86 /* Debug */ = {
			isa = XCBuildConfiguration;
			buildSettings = {
				ALWAYS_SEARCH_USER_PATHS = NO;
				CLANG_ANALYZER_NONNULL = YES;
				CLANG_ANALYZER_NUMBER_OBJECT_CONVERSION = YES_AGGRESSIVE;
				CLANG_CXX_LANGUAGE_STANDARD = "gnu++14";
				CLANG_CXX_LIBRARY = "libc++";
				CLANG_ENABLE_MODULES = YES;
				CLANG_ENABLE_OBJC_ARC = YES;
				CLANG_ENABLE_OBJC_WEAK = YES;
				CLANG_WARN_BLOCK_CAPTURE_AUTORELEASING = YES;
				CLANG_WARN_BOOL_CONVERSION = YES;
				CLANG_WARN_COMMA = YES;
				CLANG_WARN_CONSTANT_CONVERSION = YES;
				CLANG_WARN_DEPRECATED_OBJC_IMPLEMENTATIONS = YES;
				CLANG_WARN_DIRECT_OBJC_ISA_USAGE = YES_ERROR;
				CLANG_WARN_DOCUMENTATION_COMMENTS = YES;
				CLANG_WARN_EMPTY_BODY = YES;
				CLANG_WARN_ENUM_CONVERSION = YES;
				CLANG_WARN_INFINITE_RECURSION = YES;
				CLANG_WARN_INT_CONVERSION = YES;
				CLANG_WARN_NON_LITERAL_NULL_CONVERSION = YES;
				CLANG_WARN_OBJC_IMPLICIT_RETAIN_SELF = YES;
				CLANG_WARN_OBJC_LITERAL_CONVERSION = YES;
				CLANG_WARN_OBJC_ROOT_CLASS = YES_ERROR;
				CLANG_WARN_QUOTED_INCLUDE_IN_FRAMEWORK_HEADER = YES;
				CLANG_WARN_RANGE_LOOP_ANALYSIS = YES;
				CLANG_WARN_STRICT_PROTOTYPES = YES;
				CLANG_WARN_SUSPICIOUS_MOVE = YES;
				CLANG_WARN_UNGUARDED_AVAILABILITY = YES_AGGRESSIVE;
				CLANG_WARN_UNREACHABLE_CODE = YES;
				CLANG_WARN__DUPLICATE_METHOD_MATCH = YES;
				COPY_PHASE_STRIP = NO;
				CURRENT_PROJECT_VERSION = 1;
				DEBUG_INFORMATION_FORMAT = dwarf;
				ENABLE_STRICT_OBJC_MSGSEND = YES;
				ENABLE_TESTABILITY = YES;
				GCC_C_LANGUAGE_STANDARD = gnu11;
				GCC_DYNAMIC_NO_PIC = NO;
				GCC_NO_COMMON_BLOCKS = YES;
				GCC_OPTIMIZATION_LEVEL = 0;
				GCC_PREPROCESSOR_DEFINITIONS = (
					"DEBUG=1",
					"$(inherited)",
				);
				GCC_WARN_64_TO_32_BIT_CONVERSION = YES;
				GCC_WARN_ABOUT_RETURN_TYPE = YES_ERROR;
				GCC_WARN_UNDECLARED_SELECTOR = YES;
				GCC_WARN_UNINITIALIZED_AUTOS = YES_AGGRESSIVE;
				GCC_WARN_UNUSED_FUNCTION = YES;
				GCC_WARN_UNUSED_VARIABLE = YES;
				IPHONEOS_DEPLOYMENT_TARGET = 14.5;
				MTL_ENABLE_DEBUG_INFO = INCLUDE_SOURCE;
				MTL_FAST_MATH = YES;
				ONLY_ACTIVE_ARCH = YES;
				SDKROOT = iphoneos;
				SWIFT_ACTIVE_COMPILATION_CONDITIONS = DEBUG;
				SWIFT_OPTIMIZATION_LEVEL = "-Onone";
				VERSIONING_SYSTEM = "apple-generic";
				VERSION_INFO_PREFIX = "";
			};
			name = Debug;
		};
		829822EA26493517003DFF86 /* Release */ = {
			isa = XCBuildConfiguration;
			buildSettings = {
				ALWAYS_SEARCH_USER_PATHS = NO;
				CLANG_ANALYZER_NONNULL = YES;
				CLANG_ANALYZER_NUMBER_OBJECT_CONVERSION = YES_AGGRESSIVE;
				CLANG_CXX_LANGUAGE_STANDARD = "gnu++14";
				CLANG_CXX_LIBRARY = "libc++";
				CLANG_ENABLE_MODULES = YES;
				CLANG_ENABLE_OBJC_ARC = YES;
				CLANG_ENABLE_OBJC_WEAK = YES;
				CLANG_WARN_BLOCK_CAPTURE_AUTORELEASING = YES;
				CLANG_WARN_BOOL_CONVERSION = YES;
				CLANG_WARN_COMMA = YES;
				CLANG_WARN_CONSTANT_CONVERSION = YES;
				CLANG_WARN_DEPRECATED_OBJC_IMPLEMENTATIONS = YES;
				CLANG_WARN_DIRECT_OBJC_ISA_USAGE = YES_ERROR;
				CLANG_WARN_DOCUMENTATION_COMMENTS = YES;
				CLANG_WARN_EMPTY_BODY = YES;
				CLANG_WARN_ENUM_CONVERSION = YES;
				CLANG_WARN_INFINITE_RECURSION = YES;
				CLANG_WARN_INT_CONVERSION = YES;
				CLANG_WARN_NON_LITERAL_NULL_CONVERSION = YES;
				CLANG_WARN_OBJC_IMPLICIT_RETAIN_SELF = YES;
				CLANG_WARN_OBJC_LITERAL_CONVERSION = YES;
				CLANG_WARN_OBJC_ROOT_CLASS = YES_ERROR;
				CLANG_WARN_QUOTED_INCLUDE_IN_FRAMEWORK_HEADER = YES;
				CLANG_WARN_RANGE_LOOP_ANALYSIS = YES;
				CLANG_WARN_STRICT_PROTOTYPES = YES;
				CLANG_WARN_SUSPICIOUS_MOVE = YES;
				CLANG_WARN_UNGUARDED_AVAILABILITY = YES_AGGRESSIVE;
				CLANG_WARN_UNREACHABLE_CODE = YES;
				CLANG_WARN__DUPLICATE_METHOD_MATCH = YES;
				COPY_PHASE_STRIP = NO;
				CURRENT_PROJECT_VERSION = 1;
				DEBUG_INFORMATION_FORMAT = "dwarf-with-dsym";
				ENABLE_NS_ASSERTIONS = NO;
				ENABLE_STRICT_OBJC_MSGSEND = YES;
				GCC_C_LANGUAGE_STANDARD = gnu11;
				GCC_NO_COMMON_BLOCKS = YES;
				GCC_WARN_64_TO_32_BIT_CONVERSION = YES;
				GCC_WARN_ABOUT_RETURN_TYPE = YES_ERROR;
				GCC_WARN_UNDECLARED_SELECTOR = YES;
				GCC_WARN_UNINITIALIZED_AUTOS = YES_AGGRESSIVE;
				GCC_WARN_UNUSED_FUNCTION = YES;
				GCC_WARN_UNUSED_VARIABLE = YES;
				IPHONEOS_DEPLOYMENT_TARGET = 14.5;
				MTL_ENABLE_DEBUG_INFO = NO;
				MTL_FAST_MATH = YES;
				SDKROOT = iphoneos;
				SWIFT_COMPILATION_MODE = wholemodule;
				SWIFT_OPTIMIZATION_LEVEL = "-O";
				VALIDATE_PRODUCT = YES;
				VERSIONING_SYSTEM = "apple-generic";
				VERSION_INFO_PREFIX = "";
			};
			name = Release;
		};
		829822EC26493517003DFF86 /* Debug */ = {
			isa = XCBuildConfiguration;
			buildSettings = {
				CLANG_ENABLE_MODULES = YES;
				CODE_SIGN_STYLE = Automatic;
				DEFINES_MODULE = YES;
				DEVELOPMENT_TEAM = Q9VK6D84ZR;
				DYLIB_COMPATIBILITY_VERSION = 1;
				DYLIB_CURRENT_VERSION = 1;
				DYLIB_INSTALL_NAME_BASE = "@rpath";
				INFOPLIST_FILE = BreweryCore/Info.plist;
				INSTALL_PATH = "$(LOCAL_LIBRARY_DIR)/Frameworks";
				IPHONEOS_DEPLOYMENT_TARGET = 14.1;
				LD_RUNPATH_SEARCH_PATHS = (
					"$(inherited)",
					"@executable_path/Frameworks",
					"@loader_path/Frameworks",
				);
				PRODUCT_BUNDLE_IDENTIFIER = com.brewery.BreweryCore;
				PRODUCT_NAME = "$(TARGET_NAME:c99extidentifier)";
				SKIP_INSTALL = YES;
				SWIFT_OPTIMIZATION_LEVEL = "-Onone";
				SWIFT_VERSION = 5.0;
				TARGETED_DEVICE_FAMILY = "1,2";
			};
			name = Debug;
		};
		829822ED26493517003DFF86 /* Release */ = {
			isa = XCBuildConfiguration;
			buildSettings = {
				CLANG_ENABLE_MODULES = YES;
				CODE_SIGN_STYLE = Automatic;
				DEFINES_MODULE = YES;
				DEVELOPMENT_TEAM = Q9VK6D84ZR;
				DYLIB_COMPATIBILITY_VERSION = 1;
				DYLIB_CURRENT_VERSION = 1;
				DYLIB_INSTALL_NAME_BASE = "@rpath";
				INFOPLIST_FILE = BreweryCore/Info.plist;
				INSTALL_PATH = "$(LOCAL_LIBRARY_DIR)/Frameworks";
				IPHONEOS_DEPLOYMENT_TARGET = 14.1;
				LD_RUNPATH_SEARCH_PATHS = (
					"$(inherited)",
					"@executable_path/Frameworks",
					"@loader_path/Frameworks",
				);
				PRODUCT_BUNDLE_IDENTIFIER = com.brewery.BreweryCore;
				PRODUCT_NAME = "$(TARGET_NAME:c99extidentifier)";
				SKIP_INSTALL = YES;
				SWIFT_VERSION = 5.0;
				TARGETED_DEVICE_FAMILY = "1,2";
			};
			name = Release;
		};
		829822EF26493517003DFF86 /* Debug */ = {
			isa = XCBuildConfiguration;
			buildSettings = {
				ALWAYS_EMBED_SWIFT_STANDARD_LIBRARIES = YES;
				CLANG_ENABLE_MODULES = YES;
				CODE_SIGN_STYLE = Automatic;
				DEVELOPMENT_TEAM = Q9VK6D84ZR;
				INFOPLIST_FILE = BreweryCoreTests/Info.plist;
				IPHONEOS_DEPLOYMENT_TARGET = 14.1;
				LD_RUNPATH_SEARCH_PATHS = (
					"$(inherited)",
					"@executable_path/Frameworks",
					"@loader_path/Frameworks",
				);
				PRODUCT_BUNDLE_IDENTIFIER = com.brewery.BreweryCoreTests;
				PRODUCT_NAME = "$(TARGET_NAME)";
				SWIFT_OPTIMIZATION_LEVEL = "-Onone";
				SWIFT_VERSION = 5.0;
				TARGETED_DEVICE_FAMILY = "1,2";
			};
			name = Debug;
		};
		829822F026493517003DFF86 /* Release */ = {
			isa = XCBuildConfiguration;
			buildSettings = {
				ALWAYS_EMBED_SWIFT_STANDARD_LIBRARIES = YES;
				CLANG_ENABLE_MODULES = YES;
				CODE_SIGN_STYLE = Automatic;
				DEVELOPMENT_TEAM = Q9VK6D84ZR;
				INFOPLIST_FILE = BreweryCoreTests/Info.plist;
				IPHONEOS_DEPLOYMENT_TARGET = 14.1;
				LD_RUNPATH_SEARCH_PATHS = (
					"$(inherited)",
					"@executable_path/Frameworks",
					"@loader_path/Frameworks",
				);
				PRODUCT_BUNDLE_IDENTIFIER = com.brewery.BreweryCoreTests;
				PRODUCT_NAME = "$(TARGET_NAME)";
				SWIFT_VERSION = 5.0;
				TARGETED_DEVICE_FAMILY = "1,2";
			};
			name = Release;
		};
/* End XCBuildConfiguration section */

/* Begin XCConfigurationList section */
		829822D126493516003DFF86 /* Build configuration list for PBXProject "BreweryCore" */ = {
			isa = XCConfigurationList;
			buildConfigurations = (
				829822E926493517003DFF86 /* Debug */,
				829822EA26493517003DFF86 /* Release */,
			);
			defaultConfigurationIsVisible = 0;
			defaultConfigurationName = Release;
		};
		829822EB26493517003DFF86 /* Build configuration list for PBXNativeTarget "BreweryCore" */ = {
			isa = XCConfigurationList;
			buildConfigurations = (
				829822EC26493517003DFF86 /* Debug */,
				829822ED26493517003DFF86 /* Release */,
			);
			defaultConfigurationIsVisible = 0;
			defaultConfigurationName = Release;
		};
		829822EE26493517003DFF86 /* Build configuration list for PBXNativeTarget "BreweryCoreTests" */ = {
			isa = XCConfigurationList;
			buildConfigurations = (
				829822EF26493517003DFF86 /* Debug */,
				829822F026493517003DFF86 /* Release */,
			);
			defaultConfigurationIsVisible = 0;
			defaultConfigurationName = Release;
		};
/* End XCConfigurationList section */
	};
	rootObject = 829822CE26493516003DFF86 /* Project object */;
}
